
Microsoft Visual Studio Solution File, Format Version 12.00
# Visual Studio 15
VisualStudioVersion = 15.0.28307.421
MinimumVisualStudioVersion = 10.0.40219.1
Project("{2150E333-8FDC-42A3-9474-1A3956D46DE8}") = "01.Common", "01.Common", "{A242BB86-24C1-4617-B345-B05342BC730D}"
EndProject
Project("{FAE04EC0-301F-11D3-BF4B-00C04F79EFBC}") = "Bill.Common", "Bill.Common\Bill.Common.csproj", "{004CB0BD-CFD8-4BFA-B2AF-F23D1FDCA17A}"
EndProject
Project("{2150E333-8FDC-42A3-9474-1A3956D46DE8}") = "02.DataAccess", "02.DataAccess", "{5C229951-9103-43D2-A6D4-D8FEB69A89A5}"
EndProject
Project("{2150E333-8FDC-42A3-9474-1A3956D46DE8}") = "03.Models", "03.Models", "{42D83E8E-9810-4C8A-9560-9648516EA0F2}"
EndProject
Project("{2150E333-8FDC-42A3-9474-1A3956D46DE8}") = "04.Business", "04.Business", "{06538C7A-85F4-4FBB-9BB5-211FCC9A8E2C}"
EndProject
Project("{2150E333-8FDC-42A3-9474-1A3956D46DE8}") = "05.Web", "05.Web", "{B07AC596-9727-4F7E-B3C7-E4D995F009E1}"
EndProject
Project("{2150E333-8FDC-42A3-9474-1A3956D46DE8}") = "07.App", "07.App", "{332D5834-42C2-4AD1-B123-78F1461CEBA9}"
EndProject
Project("{2150E333-8FDC-42A3-9474-1A3956D46DE8}") = "08.WecApi", "08.WecApi", "{AD0ED97E-4381-499B-BBCE-097D6337AF4F}"
EndProject
Project("{FAE04EC0-301F-11D3-BF4B-00C04F79EFBC}") = "Bill.Model", "Bill.Model\Bill.Model.csproj", "{D8022DB3-7985-40A9-9C6F-3F770957FD5F}"
EndProject
Project("{FAE04EC0-301F-11D3-BF4B-00C04F79EFBC}") = "Bill.BLL", "Bill.BLL\Bill.BLL.csproj", "{92CEABBB-849E-44E1-B916-180B56451993}"
EndProject
Project("{FAE04EC0-301F-11D3-BF4B-00C04F79EFBC}") = "Bill.DAL", "Bill.DAL\Bill.DAL.csproj", "{99CF4513-1085-42A5-BC71-32A46370E3A1}"
EndProject
Project("{FAE04EC0-301F-11D3-BF4B-00C04F79EFBC}") = "Bill.Data", "Bill.Data\Bill.Data.csproj", "{29FA7C18-8E73-4A90-91A6-6EFD3542555A}"
EndProject
Project("{FAE04EC0-301F-11D3-BF4B-00C04F79EFBC}") = "Bill.Repository", "Bill.Repository\Bill.Repository.csproj", "{DE94971F-71E6-4685-8AF5-1638EECD4007}"
EndProject
Project("{FAE04EC0-301F-11D3-BF4B-00C04F79EFBC}") = "Bill.Dapper", "Bill.Dapper\Bill.Dapper.csproj", "{8C2B3761-5F1C-4870-BBDF-C7436FB20889}"
EndProject
Global
	GlobalSection(SolutionConfigurationPlatforms) = preSolution
		Debug|Any CPU = Debug|Any CPU
		Release|Any CPU = Release|Any CPU
	EndGlobalSection
	GlobalSection(ProjectConfigurationPlatforms) = postSolution
		{004CB0BD-CFD8-4BFA-B2AF-F23D1FDCA17A}.Debug|Any CPU.ActiveCfg = Debug|Any CPU
		{004CB0BD-CFD8-4BFA-B2AF-F23D1FDCA17A}.Debug|Any CPU.Build.0 = Debug|Any CPU
		{004CB0BD-CFD8-4BFA-B2AF-F23D1FDCA17A}.Release|Any CPU.ActiveCfg = Release|Any CPU
		{004CB0BD-CFD8-4BFA-B2AF-F23D1FDCA17A}.Release|Any CPU.Build.0 = Release|Any CPU
		{D8022DB3-7985-40A9-9C6F-3F770957FD5F}.Debug|Any CPU.ActiveCfg = Debug|Any CPU
		{D8022DB3-7985-40A9-9C6F-3F770957FD5F}.Debug|Any CPU.Build.0 = Debug|Any CPU
		{D8022DB3-7985-40A9-9C6F-3F770957FD5F}.Release|Any CPU.ActiveCfg = Release|Any CPU
		{D8022DB3-7985-40A9-9C6F-3F770957FD5F}.Release|Any CPU.Build.0 = Release|Any CPU
		{92CEABBB-849E-44E1-B916-180B56451993}.Debug|Any CPU.ActiveCfg = Debug|Any CPU
		{92CEABBB-849E-44E1-B916-180B56451993}.Debug|Any CPU.Build.0 = Debug|Any CPU
		{92CEABBB-849E-44E1-B916-180B56451993}.Release|Any CPU.ActiveCfg = Release|Any CPU
		{92CEABBB-849E-44E1-B916-180B56451993}.Release|Any CPU.Build.0 = Release|Any CPU
		{99CF4513-1085-42A5-BC71-32A46370E3A1}.Debug|Any CPU.ActiveCfg = Debug|Any CPU
		{99CF4513-1085-42A5-BC71-32A46370E3A1}.Debug|Any CPU.Build.0 = Debug|Any CPU
		{99CF4513-1085-42A5-BC71-32A46370E3A1}.Release|Any CPU.ActiveCfg = Release|Any CPU
		{99CF4513-1085-42A5-BC71-32A46370E3A1}.Release|Any CPU.Build.0 = Release|Any CPU
		{29FA7C18-8E73-4A90-91A6-6EFD3542555A}.Debug|Any CPU.ActiveCfg = Debug|Any CPU
		{29FA7C18-8E73-4A90-91A6-6EFD3542555A}.Debug|Any CPU.Build.0 = Debug|Any CPU
		{29FA7C18-8E73-4A90-91A6-6EFD3542555A}.Release|Any CPU.ActiveCfg = Release|Any CPU
		{29FA7C18-8E73-4A90-91A6-6EFD3542555A}.Release|Any CPU.Build.0 = Release|Any CPU
		{DE94971F-71E6-4685-8AF5-1638EECD4007}.Debug|Any CPU.ActiveCfg = Debug|Any CPU
		{DE94971F-71E6-4685-8AF5-1638EECD4007}.Debug|Any CPU.Build.0 = Debug|Any CPU
		{DE94971F-71E6-4685-8AF5-1638EECD4007}.Release|Any CPU.ActiveCfg = Release|Any CPU
		{DE94971F-71E6-4685-8AF5-1638EECD4007}.Release|Any CPU.Build.0 = Release|Any CPU
		{8C2B3761-5F1C-4870-BBDF-C7436FB20889}.Debug|Any CPU.ActiveCfg = Debug|Any CPU
		{8C2B3761-5F1C-4870-BBDF-C7436FB20889}.Debug|Any CPU.Build.0 = Debug|Any CPU
		{8C2B3761-5F1C-4870-BBDF-C7436FB20889}.Release|Any CPU.ActiveCfg = Release|Any CPU
		{8C2B3761-5F1C-4870-BBDF-C7436FB20889}.Release|Any CPU.Build.0 = Release|Any CPU
	EndGlobalSection
	GlobalSection(SolutionProperties) = preSolution
		HideSolutionNode = FALSE
	EndGlobalSection
	GlobalSection(NestedProjects) = preSolution
		{004CB0BD-CFD8-4BFA-B2AF-F23D1FDCA17A} = {A242BB86-24C1-4617-B345-B05342BC730D}
		{D8022DB3-7985-40A9-9C6F-3F770957FD5F} = {42D83E8E-9810-4C8A-9560-9648516EA0F2}
		{92CEABBB-849E-44E1-B916-180B56451993} = {06538C7A-85F4-4FBB-9BB5-211FCC9A8E2C}
		{99CF4513-1085-42A5-BC71-32A46370E3A1} = {06538C7A-85F4-4FBB-9BB5-211FCC9A8E2C}
		{29FA7C18-8E73-4A90-91A6-6EFD3542555A} = {5C229951-9103-43D2-A6D4-D8FEB69A89A5}
		{DE94971F-71E6-4685-8AF5-1638EECD4007} = {5C229951-9103-43D2-A6D4-D8FEB69A89A5}
		{8C2B3761-5F1C-4870-BBDF-C7436FB20889} = {5C229951-9103-43D2-A6D4-D8FEB69A89A5}
	EndGlobalSection
	GlobalSection(ExtensibilityGlobals) = postSolution
		SolutionGuid = {8F28C244-F564-41C8-AF9C-EE5AB34A5197}
	EndGlobalSection
EndGlobal
